
Microsoft Visual Studio Solution File, Format Version 12.00
# Visual Studio Version 17
VisualStudioVersion = 17.4.33103.184
MinimumVisualStudioVersion = 10.0.40219.1
Project("{FAE04EC0-301F-11D3-BF4B-00C04F79EFBC}") = "ArrayProblems", "ArrayProblems\ArrayProblems.csproj", "{86DCAA64-2BCA-41FC-8025-8D5416415464}"
EndProject
Global
	GlobalSection(SolutionConfigurationPlatforms) = preSolution
		Debug|Any CPU = Debug|Any CPU
		Release|Any CPU = Release|Any CPU
	EndGlobalSection
	GlobalSection(ProjectConfigurationPlatforms) = postSolution
		{86DCAA64-2BCA-41FC-8025-8D5416415464}.Debug|Any CPU.ActiveCfg = Debug|Any CPU
		{86DCAA64-2BCA-41FC-8025-8D5416415464}.Debug|Any CPU.Build.0 = Debug|Any CPU
		{86DCAA64-2BCA-41FC-8025-8D5416415464}.Release|Any CPU.ActiveCfg = Release|Any CPU
		{86DCAA64-2BCA-41FC-8025-8D5416415464}.Release|Any CPU.Build.0 = Release|Any CPU
	EndGlobalSection
	GlobalSection(SolutionProperties) = preSolution
		HideSolutionNode = FALSE
	EndGlobalSection
	GlobalSection(ExtensibilityGlobals) = postSolution
		SolutionGuid = {D18C3DBE-4BB3-4C40-843E-05846D903A4B}
	EndGlobalSection
EndGlobal
